
Microsoft Visual Studio Solution File, Format Version 12.00
# Visual Studio Version 17
VisualStudioVersion = 17.0.31903.59
MinimumVisualStudioVersion = 10.0.40219.1
Project("{2150E333-8FDC-42A3-9474-1A3956D46DE8}") = "src", "src", "{827E0CD3-B72D-47B6-A68D-7590B98EB39B}"
EndProject
Project("{FAE04EC0-301F-11D3-BF4B-00C04F79EFBC}") = "Delify.Shared", "src\Delify.Shared\Delify.Shared.csproj", "{75372972-C34C-4ED8-85B6-F6B05D43AB5E}"
EndProject
Project("{FAE04EC0-301F-11D3-BF4B-00C04F79EFBC}") = "Delify.Modules.Identity", "src\Delify.Modules.Identity\Delify.Modules.Identity.csproj", "{68CE6CDE-0EB4-4E51-A82A-5C1080824B32}"
EndProject
Project("{FAE04EC0-301F-11D3-BF4B-00C04F79EFBC}") = "Delify.Modules.Catalog", "src\Delify.Modules.Catalog\Delify.Modules.Catalog.csproj", "{CFC7AE96-8349-4634-8E80-FBA5D61527AD}"
EndProject
Project("{FAE04EC0-301F-11D3-BF4B-00C04F79EFBC}") = "Delify.Modules.Orders", "src\Delify.Modules.Orders\Delify.Modules.Orders.csproj", "{AB88C748-49F2-4F21-A4E0-F747008D78B8}"
EndProject
Project("{FAE04EC0-301F-11D3-BF4B-00C04F79EFBC}") = "Delify.Modules.Payments", "src\Delify.Modules.Payments\Delify.Modules.Payments.csproj", "{5DA97A26-978E-45AD-82C8-03666104F621}"
EndProject
Project("{FAE04EC0-301F-11D3-BF4B-00C04F79EFBC}") = "Delify.Modules.Delivery", "src\Delify.Modules.Delivery\Delify.Modules.Delivery.csproj", "{0C6D7695-4C20-41B6-92E0-D4EB1ECFFBF4}"
EndProject
Project("{FAE04EC0-301F-11D3-BF4B-00C04F79EFBC}") = "Delify.Api", "src\Delify.Api\Delify.Api.csproj", "{82E1A065-9A8C-4B3F-8E16-85704F70817E}"
EndProject
Project("{2150E333-8FDC-42A3-9474-1A3956D46DE8}") = "tests", "tests", "{0AB3BF05-4346-4AA6-1389-037BE0695223}"
EndProject
Project("{FAE04EC0-301F-11D3-BF4B-00C04F79EFBC}") = "Delify.Modules.Catalog.Tests", "tests\Delify.Modules.Catalog.Tests\Delify.Modules.Catalog.Tests.csproj", "{EDC8B7EC-AD3C-4116-A7B4-051707038062}"
EndProject
Project("{FAE04EC0-301F-11D3-BF4B-00C04F79EFBC}") = "Delify.Modules.Orders.Tests", "tests\Delify.Modules.Orders.Tests\Delify.Modules.Orders.Tests.csproj", "{437BF2BB-4431-4361-AC98-B9B3F2BA8261}"
EndProject
Project("{FAE04EC0-301F-11D3-BF4B-00C04F79EFBC}") = "Delify.Modules.Bff", "src\Delify.Modules.Bff\Delify.Modules.Bff.csproj", "{8D4AD268-586D-4DB8-BB17-D283D3EDD134}"
EndProject
Project("{FAE04EC0-301F-11D3-BF4B-00C04F79EFBC}") = "Delify.Modules.Bff.Tests", "tests\Delify.Modules.Bff.Tests\Delify.Modules.Bff.Tests.csproj", "{358D9EEC-18EA-41AD-9CAF-F546618B4DA0}"
EndProject
Project("{FAE04EC0-301F-11D3-BF4B-00C04F79EFBC}") = "Delify.Modules.Admin", "src\Delify.Modules.Admin\Delify.Modules.Admin.csproj", "{CB7511A5-6E65-4771-BF35-50235224C6A5}"
EndProject
Project("{FAE04EC0-301F-11D3-BF4B-00C04F79EFBC}") = "Delify.Modules.Painel", "src\Delify.Modules.Painel\Delify.Modules.Painel.csproj", "{E98901D6-9AAE-43DC-B4ED-DA4A634A791B}"
EndProject
Project("{FAE04EC0-301F-11D3-BF4B-00C04F79EFBC}") = "Delify.Modules.Dinein", "src\Delify.Modules.Dinein\Delify.Modules.Dinein.csproj", "{F266824F-437E-4EDB-B335-5E2BACE41FE7}"
EndProject
Global
	GlobalSection(SolutionConfigurationPlatforms) = preSolution
		Debug|Any CPU = Debug|Any CPU
		Debug|x64 = Debug|x64
		Debug|x86 = Debug|x86
		Release|Any CPU = Release|Any CPU
		Release|x64 = Release|x64
		Release|x86 = Release|x86
	EndGlobalSection
	GlobalSection(ProjectConfigurationPlatforms) = postSolution
		{75372972-C34C-4ED8-85B6-F6B05D43AB5E}.Debug|Any CPU.ActiveCfg = Debug|Any CPU
		{75372972-C34C-4ED8-85B6-F6B05D43AB5E}.Debug|Any CPU.Build.0 = Debug|Any CPU
		{75372972-C34C-4ED8-85B6-F6B05D43AB5E}.Debug|x64.ActiveCfg = Debug|Any CPU
		{75372972-C34C-4ED8-85B6-F6B05D43AB5E}.Debug|x64.Build.0 = Debug|Any CPU
		{75372972-C34C-4ED8-85B6-F6B05D43AB5E}.Debug|x86.ActiveCfg = Debug|Any CPU
		{75372972-C34C-4ED8-85B6-F6B05D43AB5E}.Debug|x86.Build.0 = Debug|Any CPU
		{75372972-C34C-4ED8-85B6-F6B05D43AB5E}.Release|Any CPU.ActiveCfg = Release|Any CPU
		{75372972-C34C-4ED8-85B6-F6B05D43AB5E}.Release|Any CPU.Build.0 = Release|Any CPU
		{75372972-C34C-4ED8-85B6-F6B05D43AB5E}.Release|x64.ActiveCfg = Release|Any CPU
		{75372972-C34C-4ED8-85B6-F6B05D43AB5E}.Release|x64.Build.0 = Release|Any CPU
		{75372972-C34C-4ED8-85B6-F6B05D43AB5E}.Release|x86.ActiveCfg = Release|Any CPU
		{75372972-C34C-4ED8-85B6-F6B05D43AB5E}.Release|x86.Build.0 = Release|Any CPU
		{68CE6CDE-0EB4-4E51-A82A-5C1080824B32}.Debug|Any CPU.ActiveCfg = Debug|Any CPU
		{68CE6CDE-0EB4-4E51-A82A-5C1080824B32}.Debug|Any CPU.Build.0 = Debug|Any CPU
		{68CE6CDE-0EB4-4E51-A82A-5C1080824B32}.Debug|x64.ActiveCfg = Debug|Any CPU
		{68CE6CDE-0EB4-4E51-A82A-5C1080824B32}.Debug|x64.Build.0 = Debug|Any CPU
		{68CE6CDE-0EB4-4E51-A82A-5C1080824B32}.Debug|x86.ActiveCfg = Debug|Any CPU
		{68CE6CDE-0EB4-4E51-A82A-5C1080824B32}.Debug|x86.Build.0 = Debug|Any CPU
		{68CE6CDE-0EB4-4E51-A82A-5C1080824B32}.Release|Any CPU.ActiveCfg = Release|Any CPU
		{68CE6CDE-0EB4-4E51-A82A-5C1080824B32}.Release|Any CPU.Build.0 = Release|Any CPU
		{68CE6CDE-0EB4-4E51-A82A-5C1080824B32}.Release|x64.ActiveCfg = Release|Any CPU
		{68CE6CDE-0EB4-4E51-A82A-5C1080824B32}.Release|x64.Build.0 = Release|Any CPU
		{68CE6CDE-0EB4-4E51-A82A-5C1080824B32}.Release|x86.ActiveCfg = Release|Any CPU
		{68CE6CDE-0EB4-4E51-A82A-5C1080824B32}.Release|x86.Build.0 = Release|Any CPU
		{CFC7AE96-8349-4634-8E80-FBA5D61527AD}.Debug|Any CPU.ActiveCfg = Debug|Any CPU
		{CFC7AE96-8349-4634-8E80-FBA5D61527AD}.Debug|Any CPU.Build.0 = Debug|Any CPU
		{CFC7AE96-8349-4634-8E80-FBA5D61527AD}.Debug|x64.ActiveCfg = Debug|Any CPU
		{CFC7AE96-8349-4634-8E80-FBA5D61527AD}.Debug|x64.Build.0 = Debug|Any CPU
		{CFC7AE96-8349-4634-8E80-FBA5D61527AD}.Debug|x86.ActiveCfg = Debug|Any CPU
		{CFC7AE96-8349-4634-8E80-FBA5D61527AD}.Debug|x86.Build.0 = Debug|Any CPU
		{CFC7AE96-8349-4634-8E80-FBA5D61527AD}.Release|Any CPU.ActiveCfg = Release|Any CPU
		{CFC7AE96-8349-4634-8E80-FBA5D61527AD}.Release|Any CPU.Build.0 = Release|Any CPU
		{CFC7AE96-8349-4634-8E80-FBA5D61527AD}.Release|x64.ActiveCfg = Release|Any CPU
		{CFC7AE96-8349-4634-8E80-FBA5D61527AD}.Release|x64.Build.0 = Release|Any CPU
		{CFC7AE96-8349-4634-8E80-FBA5D61527AD}.Release|x86.ActiveCfg = Release|Any CPU
		{CFC7AE96-8349-4634-8E80-FBA5D61527AD}.Release|x86.Build.0 = Release|Any CPU
		{AB88C748-49F2-4F21-A4E0-F747008D78B8}.Debug|Any CPU.ActiveCfg = Debug|Any CPU
		{AB88C748-49F2-4F21-A4E0-F747008D78B8}.Debug|Any CPU.Build.0 = Debug|Any CPU
		{AB88C748-49F2-4F21-A4E0-F747008D78B8}.Debug|x64.ActiveCfg = Debug|Any CPU
		{AB88C748-49F2-4F21-A4E0-F747008D78B8}.Debug|x64.Build.0 = Debug|Any CPU
		{AB88C748-49F2-4F21-A4E0-F747008D78B8}.Debug|x86.ActiveCfg = Debug|Any CPU
		{AB88C748-49F2-4F21-A4E0-F747008D78B8}.Debug|x86.Build.0 = Debug|Any CPU
		{AB88C748-49F2-4F21-A4E0-F747008D78B8}.Release|Any CPU.ActiveCfg = Release|Any CPU
		{AB88C748-49F2-4F21-A4E0-F747008D78B8}.Release|Any CPU.Build.0 = Release|Any CPU
		{AB88C748-49F2-4F21-A4E0-F747008D78B8}.Release|x64.ActiveCfg = Release|Any CPU
		{AB88C748-49F2-4F21-A4E0-F747008D78B8}.Release|x64.Build.0 = Release|Any CPU
		{AB88C748-49F2-4F21-A4E0-F747008D78B8}.Release|x86.ActiveCfg = Release|Any CPU
		{AB88C748-49F2-4F21-A4E0-F747008D78B8}.Release|x86.Build.0 = Release|Any CPU
		{5DA97A26-978E-45AD-82C8-03666104F621}.Debug|Any CPU.ActiveCfg = Debug|Any CPU
		{5DA97A26-978E-45AD-82C8-03666104F621}.Debug|Any CPU.Build.0 = Debug|Any CPU
		{5DA97A26-978E-45AD-82C8-03666104F621}.Debug|x64.ActiveCfg = Debug|Any CPU
		{5DA97A26-978E-45AD-82C8-03666104F621}.Debug|x64.Build.0 = Debug|Any CPU
		{5DA97A26-978E-45AD-82C8-03666104F621}.Debug|x86.ActiveCfg = Debug|Any CPU
		{5DA97A26-978E-45AD-82C8-03666104F621}.Debug|x86.Build.0 = Debug|Any CPU
		{5DA97A26-978E-45AD-82C8-03666104F621}.Release|Any CPU.ActiveCfg = Release|Any CPU
		{5DA97A26-978E-45AD-82C8-03666104F621}.Release|Any CPU.Build.0 = Release|Any CPU
		{5DA97A26-978E-45AD-82C8-03666104F621}.Release|x64.ActiveCfg = Release|Any CPU
		{5DA97A26-978E-45AD-82C8-03666104F621}.Release|x64.Build.0 = Release|Any CPU
		{5DA97A26-978E-45AD-82C8-03666104F621}.Release|x86.ActiveCfg = Release|Any CPU
		{5DA97A26-978E-45AD-82C8-03666104F621}.Release|x86.Build.0 = Release|Any CPU
		{0C6D7695-4C20-41B6-92E0-D4EB1ECFFBF4}.Debug|Any CPU.ActiveCfg = Debug|Any CPU
		{0C6D7695-4C20-41B6-92E0-D4EB1ECFFBF4}.Debug|Any CPU.Build.0 = Debug|Any CPU
		{0C6D7695-4C20-41B6-92E0-D4EB1ECFFBF4}.Debug|x64.ActiveCfg = Debug|Any CPU
		{0C6D7695-4C20-41B6-92E0-D4EB1ECFFBF4}.Debug|x64.Build.0 = Debug|Any CPU
		{0C6D7695-4C20-41B6-92E0-D4EB1ECFFBF4}.Debug|x86.ActiveCfg = Debug|Any CPU
		{0C6D7695-4C20-41B6-92E0-D4EB1ECFFBF4}.Debug|x86.Build.0 = Debug|Any CPU
		{0C6D7695-4C20-41B6-92E0-D4EB1ECFFBF4}.Release|Any CPU.ActiveCfg = Release|Any CPU
		{0C6D7695-4C20-41B6-92E0-D4EB1ECFFBF4}.Release|Any CPU.Build.0 = Release|Any CPU
		{0C6D7695-4C20-41B6-92E0-D4EB1ECFFBF4}.Release|x64.ActiveCfg = Release|Any CPU
		{0C6D7695-4C20-41B6-92E0-D4EB1ECFFBF4}.Release|x64.Build.0 = Release|Any CPU
		{0C6D7695-4C20-41B6-92E0-D4EB1ECFFBF4}.Release|x86.ActiveCfg = Release|Any CPU
		{0C6D7695-4C20-41B6-92E0-D4EB1ECFFBF4}.Release|x86.Build.0 = Release|Any CPU
		{82E1A065-9A8C-4B3F-8E16-85704F70817E}.Debug|Any CPU.ActiveCfg = Debug|Any CPU
		{82E1A065-9A8C-4B3F-8E16-85704F70817E}.Debug|Any CPU.Build.0 = Debug|Any CPU
		{82E1A065-9A8C-4B3F-8E16-85704F70817E}.Debug|x64.ActiveCfg = Debug|Any CPU
		{82E1A065-9A8C-4B3F-8E16-85704F70817E}.Debug|x64.Build.0 = Debug|Any CPU
		{82E1A065-9A8C-4B3F-8E16-85704F70817E}.Debug|x86.ActiveCfg = Debug|Any CPU
		{82E1A065-9A8C-4B3F-8E16-85704F70817E}.Debug|x86.Build.0 = Debug|Any CPU
		{82E1A065-9A8C-4B3F-8E16-85704F70817E}.Release|Any CPU.ActiveCfg = Release|Any CPU
		{82E1A065-9A8C-4B3F-8E16-85704F70817E}.Release|Any CPU.Build.0 = Release|Any CPU
		{82E1A065-9A8C-4B3F-8E16-85704F70817E}.Release|x64.ActiveCfg = Release|Any CPU
		{82E1A065-9A8C-4B3F-8E16-85704F70817E}.Release|x64.Build.0 = Release|Any CPU
		{82E1A065-9A8C-4B3F-8E16-85704F70817E}.Release|x86.ActiveCfg = Release|Any CPU
		{82E1A065-9A8C-4B3F-8E16-85704F70817E}.Release|x86.Build.0 = Release|Any CPU
		{EDC8B7EC-AD3C-4116-A7B4-051707038062}.Debug|Any CPU.ActiveCfg = Debug|Any CPU
		{EDC8B7EC-AD3C-4116-A7B4-051707038062}.Debug|Any CPU.Build.0 = Debug|Any CPU
		{EDC8B7EC-AD3C-4116-A7B4-051707038062}.Debug|x64.ActiveCfg = Debug|Any CPU
		{EDC8B7EC-AD3C-4116-A7B4-051707038062}.Debug|x64.Build.0 = Debug|Any CPU
		{EDC8B7EC-AD3C-4116-A7B4-051707038062}.Debug|x86.ActiveCfg = Debug|Any CPU
		{EDC8B7EC-AD3C-4116-A7B4-051707038062}.Debug|x86.Build.0 = Debug|Any CPU
		{EDC8B7EC-AD3C-4116-A7B4-051707038062}.Release|Any CPU.ActiveCfg = Release|Any CPU
		{EDC8B7EC-AD3C-4116-A7B4-051707038062}.Release|Any CPU.Build.0 = Release|Any CPU
		{EDC8B7EC-AD3C-4116-A7B4-051707038062}.Release|x64.ActiveCfg = Release|Any CPU
		{EDC8B7EC-AD3C-4116-A7B4-051707038062}.Release|x64.Build.0 = Release|Any CPU
		{EDC8B7EC-AD3C-4116-A7B4-051707038062}.Release|x86.ActiveCfg = Release|Any CPU
		{EDC8B7EC-AD3C-4116-A7B4-051707038062}.Release|x86.Build.0 = Release|Any CPU
		{437BF2BB-4431-4361-AC98-B9B3F2BA8261}.Debug|Any CPU.ActiveCfg = Debug|Any CPU
		{437BF2BB-4431-4361-AC98-B9B3F2BA8261}.Debug|Any CPU.Build.0 = Debug|Any CPU
		{437BF2BB-4431-4361-AC98-B9B3F2BA8261}.Debug|x64.ActiveCfg = Debug|Any CPU
		{437BF2BB-4431-4361-AC98-B9B3F2BA8261}.Debug|x64.Build.0 = Debug|Any CPU
		{437BF2BB-4431-4361-AC98-B9B3F2BA8261}.Debug|x86.ActiveCfg = Debug|Any CPU
		{437BF2BB-4431-4361-AC98-B9B3F2BA8261}.Debug|x86.Build.0 = Debug|Any CPU
		{437BF2BB-4431-4361-AC98-B9B3F2BA8261}.Release|Any CPU.ActiveCfg = Release|Any CPU
		{437BF2BB-4431-4361-AC98-B9B3F2BA8261}.Release|Any CPU.Build.0 = Release|Any CPU
		{437BF2BB-4431-4361-AC98-B9B3F2BA8261}.Release|x64.ActiveCfg = Release|Any CPU
		{437BF2BB-4431-4361-AC98-B9B3F2BA8261}.Release|x64.Build.0 = Release|Any CPU
		{437BF2BB-4431-4361-AC98-B9B3F2BA8261}.Release|x86.ActiveCfg = Release|Any CPU
		{437BF2BB-4431-4361-AC98-B9B3F2BA8261}.Release|x86.Build.0 = Release|Any CPU
		{8D4AD268-586D-4DB8-BB17-D283D3EDD134}.Debug|Any CPU.ActiveCfg = Debug|Any CPU
		{8D4AD268-586D-4DB8-BB17-D283D3EDD134}.Debug|Any CPU.Build.0 = Debug|Any CPU
		{8D4AD268-586D-4DB8-BB17-D283D3EDD134}.Debug|x64.ActiveCfg = Debug|Any CPU
		{8D4AD268-586D-4DB8-BB17-D283D3EDD134}.Debug|x64.Build.0 = Debug|Any CPU
		{8D4AD268-586D-4DB8-BB17-D283D3EDD134}.Debug|x86.ActiveCfg = Debug|Any CPU
		{8D4AD268-586D-4DB8-BB17-D283D3EDD134}.Debug|x86.Build.0 = Debug|Any CPU
		{8D4AD268-586D-4DB8-BB17-D283D3EDD134}.Release|Any CPU.ActiveCfg = Release|Any CPU
		{8D4AD268-586D-4DB8-BB17-D283D3EDD134}.Release|Any CPU.Build.0 = Release|Any CPU
		{8D4AD268-586D-4DB8-BB17-D283D3EDD134}.Release|x64.ActiveCfg = Release|Any CPU
		{8D4AD268-586D-4DB8-BB17-D283D3EDD134}.Release|x64.Build.0 = Release|Any CPU
		{8D4AD268-586D-4DB8-BB17-D283D3EDD134}.Release|x86.ActiveCfg = Release|Any CPU
		{8D4AD268-586D-4DB8-BB17-D283D3EDD134}.Release|x86.Build.0 = Release|Any CPU
		{358D9EEC-18EA-41AD-9CAF-F546618B4DA0}.Debug|Any CPU.ActiveCfg = Debug|Any CPU
		{358D9EEC-18EA-41AD-9CAF-F546618B4DA0}.Debug|Any CPU.Build.0 = Debug|Any CPU
		{358D9EEC-18EA-41AD-9CAF-F546618B4DA0}.Debug|x64.ActiveCfg = Debug|Any CPU
		{358D9EEC-18EA-41AD-9CAF-F546618B4DA0}.Debug|x64.Build.0 = Debug|Any CPU
		{358D9EEC-18EA-41AD-9CAF-F546618B4DA0}.Debug|x86.ActiveCfg = Debug|Any CPU
		{358D9EEC-18EA-41AD-9CAF-F546618B4DA0}.Debug|x86.Build.0 = Debug|Any CPU
		{358D9EEC-18EA-41AD-9CAF-F546618B4DA0}.Release|Any CPU.ActiveCfg = Release|Any CPU
		{358D9EEC-18EA-41AD-9CAF-F546618B4DA0}.Release|Any CPU.Build.0 = Release|Any CPU
		{358D9EEC-18EA-41AD-9CAF-F546618B4DA0}.Release|x64.ActiveCfg = Release|Any CPU
		{358D9EEC-18EA-41AD-9CAF-F546618B4DA0}.Release|x64.Build.0 = Release|Any CPU
		{358D9EEC-18EA-41AD-9CAF-F546618B4DA0}.Release|x86.ActiveCfg = Release|Any CPU
		{358D9EEC-18EA-41AD-9CAF-F546618B4DA0}.Release|x86.Build.0 = Release|Any CPU
		{CB7511A5-6E65-4771-BF35-50235224C6A5}.Debug|Any CPU.ActiveCfg = Debug|Any CPU
		{CB7511A5-6E65-4771-BF35-50235224C6A5}.Debug|Any CPU.Build.0 = Debug|Any CPU
		{CB7511A5-6E65-4771-BF35-50235224C6A5}.Debug|x64.ActiveCfg = Debug|Any CPU
		{CB7511A5-6E65-4771-BF35-50235224C6A5}.Debug|x64.Build.0 = Debug|Any CPU
		{CB7511A5-6E65-4771-BF35-50235224C6A5}.Debug|x86.ActiveCfg = Debug|Any CPU
		{CB7511A5-6E65-4771-BF35-50235224C6A5}.Debug|x86.Build.0 = Debug|Any CPU
		{CB7511A5-6E65-4771-BF35-50235224C6A5}.Release|Any CPU.ActiveCfg = Release|Any CPU
		{CB7511A5-6E65-4771-BF35-50235224C6A5}.Release|Any CPU.Build.0 = Release|Any CPU
		{CB7511A5-6E65-4771-BF35-50235224C6A5}.Release|x64.ActiveCfg = Release|Any CPU
		{CB7511A5-6E65-4771-BF35-50235224C6A5}.Release|x64.Build.0 = Release|Any CPU
		{CB7511A5-6E65-4771-BF35-50235224C6A5}.Release|x86.ActiveCfg = Release|Any CPU
		{CB7511A5-6E65-4771-BF35-50235224C6A5}.Release|x86.Build.0 = Release|Any CPU
		{E98901D6-9AAE-43DC-B4ED-DA4A634A791B}.Debug|Any CPU.ActiveCfg = Debug|Any CPU
		{E98901D6-9AAE-43DC-B4ED-DA4A634A791B}.Debug|Any CPU.Build.0 = Debug|Any CPU
		{E98901D6-9AAE-43DC-B4ED-DA4A634A791B}.Debug|x64.ActiveCfg = Debug|Any CPU
		{E98901D6-9AAE-43DC-B4ED-DA4A634A791B}.Debug|x64.Build.0 = Debug|Any CPU
		{E98901D6-9AAE-43DC-B4ED-DA4A634A791B}.Debug|x86.ActiveCfg = Debug|Any CPU
		{E98901D6-9AAE-43DC-B4ED-DA4A634A791B}.Debug|x86.Build.0 = Debug|Any CPU
		{E98901D6-9AAE-43DC-B4ED-DA4A634A791B}.Release|Any CPU.ActiveCfg = Release|Any CPU
		{E98901D6-9AAE-43DC-B4ED-DA4A634A791B}.Release|Any CPU.Build.0 = Release|Any CPU
		{E98901D6-9AAE-43DC-B4ED-DA4A634A791B}.Release|x64.ActiveCfg = Release|Any CPU
		{E98901D6-9AAE-43DC-B4ED-DA4A634A791B}.Release|x64.Build.0 = Release|Any CPU
		{E98901D6-9AAE-43DC-B4ED-DA4A634A791B}.Release|x86.ActiveCfg = Release|Any CPU
		{E98901D6-9AAE-43DC-B4ED-DA4A634A791B}.Release|x86.Build.0 = Release|Any CPU
		{F266824F-437E-4EDB-B335-5E2BACE41FE7}.Debug|Any CPU.ActiveCfg = Debug|Any CPU
		{F266824F-437E-4EDB-B335-5E2BACE41FE7}.Debug|Any CPU.Build.0 = Debug|Any CPU
		{F266824F-437E-4EDB-B335-5E2BACE41FE7}.Debug|x64.ActiveCfg = Debug|Any CPU
		{F266824F-437E-4EDB-B335-5E2BACE41FE7}.Debug|x64.Build.0 = Debug|Any CPU
		{F266824F-437E-4EDB-B335-5E2BACE41FE7}.Debug|x86.ActiveCfg = Debug|Any CPU
		{F266824F-437E-4EDB-B335-5E2BACE41FE7}.Debug|x86.Build.0 = Debug|Any CPU
		{F266824F-437E-4EDB-B335-5E2BACE41FE7}.Release|Any CPU.ActiveCfg = Release|Any CPU
		{F266824F-437E-4EDB-B335-5E2BACE41FE7}.Release|Any CPU.Build.0 = Release|Any CPU
		{F266824F-437E-4EDB-B335-5E2BACE41FE7}.Release|x64.ActiveCfg = Release|Any CPU
		{F266824F-437E-4EDB-B335-5E2BACE41FE7}.Release|x64.Build.0 = Release|Any CPU
		{F266824F-437E-4EDB-B335-5E2BACE41FE7}.Release|x86.ActiveCfg = Release|Any CPU
		{F266824F-437E-4EDB-B335-5E2BACE41FE7}.Release|x86.Build.0 = Release|Any CPU
	EndGlobalSection
	GlobalSection(SolutionProperties) = preSolution
		HideSolutionNode = FALSE
	EndGlobalSection
	GlobalSection(NestedProjects) = preSolution
		{75372972-C34C-4ED8-85B6-F6B05D43AB5E} = {827E0CD3-B72D-47B6-A68D-7590B98EB39B}
		{68CE6CDE-0EB4-4E51-A82A-5C1080824B32} = {827E0CD3-B72D-47B6-A68D-7590B98EB39B}
		{CFC7AE96-8349-4634-8E80-FBA5D61527AD} = {827E0CD3-B72D-47B6-A68D-7590B98EB39B}
		{AB88C748-49F2-4F21-A4E0-F747008D78B8} = {827E0CD3-B72D-47B6-A68D-7590B98EB39B}
		{5DA97A26-978E-45AD-82C8-03666104F621} = {827E0CD3-B72D-47B6-A68D-7590B98EB39B}
		{0C6D7695-4C20-41B6-92E0-D4EB1ECFFBF4} = {827E0CD3-B72D-47B6-A68D-7590B98EB39B}
		{82E1A065-9A8C-4B3F-8E16-85704F70817E} = {827E0CD3-B72D-47B6-A68D-7590B98EB39B}
		{EDC8B7EC-AD3C-4116-A7B4-051707038062} = {0AB3BF05-4346-4AA6-1389-037BE0695223}
		{437BF2BB-4431-4361-AC98-B9B3F2BA8261} = {0AB3BF05-4346-4AA6-1389-037BE0695223}
		{8D4AD268-586D-4DB8-BB17-D283D3EDD134} = {827E0CD3-B72D-47B6-A68D-7590B98EB39B}
		{358D9EEC-18EA-41AD-9CAF-F546618B4DA0} = {0AB3BF05-4346-4AA6-1389-037BE0695223}
		{CB7511A5-6E65-4771-BF35-50235224C6A5} = {827E0CD3-B72D-47B6-A68D-7590B98EB39B}
		{E98901D6-9AAE-43DC-B4ED-DA4A634A791B} = {827E0CD3-B72D-47B6-A68D-7590B98EB39B}
		{F266824F-437E-4EDB-B335-5E2BACE41FE7} = {827E0CD3-B72D-47B6-A68D-7590B98EB39B}
	EndGlobalSection
EndGlobal
